<?xml version="1.0" encoding="utf-8"?>
<Project ToolsVersion="4.0" xmlns="http://schemas.microsoft.com/developer/msbuild/2003">
  <ItemGroup>
    <Filter Include="ソース ファイル">
      <UniqueIdentifier>{4FC737F1-C7A5-4376-A066-2A32D752A2FF}</UniqueIdentifier>
      <Extensions>cpp;c;cc;cxx;def;odl;idl;hpj;bat;asm;asmx</Extensions>
    </Filter>
    <Filter Include="ヘッダー ファイル">
      <UniqueIdentifier>{93995380-89BD-4b04-88EB-625FBE52EBFB}</UniqueIdentifier>
      <Extensions>h;hh;hpp;hxx;hm;inl;inc;xsd</Extensions>
    </Filter>
    <Filter Include="リソース ファイル">
      <UniqueIdentifier>{67DA6AB6-F800-4c08-8B7A-83BB121AAD01}</UniqueIdentifier>
      <Extensions>rc;ico;cur;bmp;dlg;rc2;rct;bin;rgs;gif;jpg;jpeg;jpe;resx;tiff;tif;png;wav;mfcribbon-ms</Extensions>
    </Filter>
    <Filter Include="ソース ファイル\SerialPort">
      <UniqueIdentifier>{58826188-add1-479e-90b7-a1266fb6b477}</UniqueIdentifier>
    </Filter>
    <Filter Include="ヘッダー ファイル\SerialPort">
      <UniqueIdentifier>{20f286ca-0e52-4af7-b2e8-f453ff7b588c}</UniqueIdentifier>
    </Filter>
    <Filter Include="ソース ファイル\ArduinoCtrl">
      <UniqueIdentifier>{e5b16600-7aa8-4a91-a032-9b165360674b}</UniqueIdentifier>
    </Filter>
    <Filter Include="ヘッダー ファイル\ArduinoCtrl">
      <UniqueIdentifier>{8ea0a091-4d67-42df-a44b-00cd0d588d2b}</UniqueIdentifier>
    </Filter>
  </ItemGroup>
  <ItemGroup>
    <ClCompile Include="SerialPort\src\SerialPort.c">
      <Filter>ソース ファイル\SerialPort</Filter>
    </ClCompile>
    <ClCompile Include="src\main.c">
      <Filter>ソース ファイル</Filter>
    </ClCompile>
    <ClCompile Include="ArduinoCtrl\src\ArduinoCtrl.c">
      <Filter>ソース ファイル\ArduinoCtrl</Filter>
    </ClCompile>
  </ItemGroup>
  <ItemGroup>
    <ClInclude Include="SerialPort\include\SerialPort.h">
      <Filter>ヘッダー ファイル\SerialPort</Filter>
    </ClInclude>
    <ClInclude Include="resource.h">
      <Filter>ヘッダー ファイル</Filter>
    </ClInclude>
    <ClInclude Include="ArduinoCtrl\include\ArduinoCtrl.h">
      <Filter>ヘッダー ファイル\ArduinoCtrl</Filter>
    </ClInclude>
  </ItemGroup>
  <ItemGroup>
    <ResourceCompile Include="SerialCommCtrlWinApp.rc">
      <Filter>リソース ファイル</Filter>
    </ResourceCompile>
  </ItemGroup>
</Project>